// !$*UTF8*$!
{
	archiveVersion = 1;
	classes = {
	};
	objectVersion = 46;
	objects = {

/* Begin PBXBuildFile section */
		A6DCE73C1F7033F10098C20F /* AppDelegate.swift in Sources */ = {isa = PBXBuildFile; fileRef = A6DCE73B1F7033F10098C20F /* AppDelegate.swift */; };
		A6DCE73E1F7033F10098C20F /* ViewController.swift in Sources */ = {isa = PBXBuildFile; fileRef = A6DCE73D1F7033F10098C20F /* ViewController.swift */; };
		A6DCE7411F7033F10098C20F /* Main.storyboard in Resources */ = {isa = PBXBuildFile; fileRef = A6DCE73F1F7033F10098C20F /* Main.storyboard */; };
		A6DCE7431F7033F10098C20F /* Assets.xcassets in Resources */ = {isa = PBXBuildFile; fileRef = A6DCE7421F7033F10098C20F /* Assets.xcassets */; };
		A6DCE7461F7033F10098C20F /* LaunchScreen.storyboard in Resources */ = {isa = PBXBuildFile; fileRef = A6DCE7441F7033F10098C20F /* LaunchScreen.storyboard */; };
/* End PBXBuildFile section */

/* Begin PBXFileReference section */
		A6DCE7381F7033F10098C20F /* Bonrevoir.app */ = {isa = PBXFileReference; explicitFileType = wrapper.application; includeInIndex = 0; path = Bonrevoir.app; sourceTree = BUILT_PRODUCTS_DIR; };
		A6DCE73B1F7033F10098C20F /* AppDelegate.swift */ = {isa = PBXFileReference; lastKnownFileType = sourcecode.swift; path = AppDelegate.swift; sourceTree = "<group>"; };
		A6DCE73D1F7033F10098C20F /* ViewController.swift */ = {isa = PBXFileReference; lastKnownFileType = sourcecode.swift; path = ViewController.swift; sourceTree = "<group>"; };
		A6DCE7401F7033F10098C20F /* Base */ = {isa = PBXFileReference; lastKnownFileType = file.storyboard; name = Base; path = Base.lproj/Main.storyboard; sourceTree = "<group>"; };
		A6DCE7421F7033F10098C20F /* Assets.xcassets */ = {isa = PBXFileReference; lastKnownFileType = folder.assetcatalog; path = Assets.xcassets; sourceTree = "<group>"; };
		A6DCE7451F7033F10098C20F /* Base */ = {isa = PBXFileReference; lastKnownFileType = file.storyboard; name = Base; path = Base.lproj/LaunchScreen.storyboard; sourceTree = "<group>"; };
		A6DCE7471F7033F10098C20F /* Info.plist */ = {isa = PBXFileReference; lastKnownFileType = text.plist.xml; path = Info.plist; sourceTree = "<group>"; };
/* End PBXFileReference section */

/* Begin PBXFrameworksBuildPhase section */
		A6DCE7351F7033F10098C20F /* Frameworks */ = {
			isa = PBXFrameworksBuildPhase;
			buildActionMask = 2147483647;
			files = (
			);
			runOnlyForDeploymentPostprocessing = 0;
		};
/* End PBXFrameworksBuildPhase section */

/* Begin PBXGroup section */
		A6DCE72F1F7033F10098C20F = {
			isa = PBXGroup;
			children = (
				A6DCE73A1F7033F10098C20F /* Bonrevoir */,
				A6DCE7391F7033F10098C20F /* Products */,
			);
			sourceTree = "<group>";
		};
		A6DCE7391F7033F10098C20F /* Products */ = {
			isa = PBXGroup;
			children = (
				A6DCE7381F7033F10098C20F /* Bonrevoir.app */,
			);
			name = Products;
			sourceTree = "<group>";
		};
		A6DCE73A1F7033F10098C20F /* Bonrevoir */ = {
			isa = PBXGroup;
			children = (
				A6DCE73B1F7033F10098C20F /* AppDelegate.swift */,
				A6DCE73D1F7033F10098C20F /* ViewController.swift */,
				A6DCE73F1F7033F10098C20F /* Main.storyboard */,
				A6DCE7421F7033F10098C20F /* Assets.xcassets */,
				A6DCE7441F7033F10098C20F /* LaunchScreen.storyboard */,
				A6DCE7471F7033F10098C20F /* Info.plist */,
			);
			path = Bonrevoir;
			sourceTree = "<group>";
		};
/* End PBXGroup section */

/* Begin PBXNativeTarget section */
		A6DCE7371F7033F10098C20F /* Bonrevoir */ = {
			isa = PBXNativeTarget;
			buildConfigurationList = A6DCE74A1F7033F10098C20F /* Build configuration list for PBXNativeTarget "Bonrevoir" */;
			buildPhases = (
				A6DCE7341F7033F10098C20F /* Sources */,
				A6DCE7351F7033F10098C20F /* Frameworks */,
				A6DCE7361F7033F10098C20F /* Resources */,
			);
			buildRules = (
			);
			dependencies = (
			);
			name = Bonrevoir;
			productName = Bonrevoir;
			productReference = A6DCE7381F7033F10098C20F /* Bonrevoir.app */;
			productType = "com.apple.product-type.application";
		};
/* End PBXNativeTarget section */

/* Begin PBXProject section */
		A6DCE7301F7033F10098C20F /* Project object */ = {
			isa = PBXProject;
			attributes = {
				LastSwiftUpdateCheck = 0830;
				LastUpgradeCheck = 0830;
				ORGANIZATIONNAME = "Nicolas Salleron";
				TargetAttributes = {
					A6DCE7371F7033F10098C20F = {
						CreatedOnToolsVersion = 8.3.3;
						DevelopmentTeam = WCSYUG993U;
						ProvisioningStyle = Automatic;
					};
				};
			};
			buildConfigurationList = A6DCE7331F7033F10098C20F /* Build configuration list for PBXProject "Bonrevoir" */;
			compatibilityVersion = "Xcode 3.2";
			developmentRegion = English;
			hasScannedForEncodings = 0;
			knownRegions = (
				en,
				Base,
			);
			mainGroup = A6DCE72F1F7033F10098C20F;
			productRefGroup = A6DCE7391F7033F10098C20F /* Products */;
			projectDirPath = "";
			projectRoot = "";
			targets = (
				A6DCE7371F7033F10098C20F /* Bonrevoir */,
			);
		};
/* End PBXProject section */

/* Begin PBXResourcesBuildPhase section */
		A6DCE7361F7033F10098C20F /* Resources */ = {
			isa = PBXResourcesBuildPhase;
			buildActionMask = 2147483647;
			files = (
				A6DCE7461F7033F10098C20F /* LaunchScreen.storyboard in Resources */,
				A6DCE7431F7033F10098C20F /* Assets.xcassets in Resources */,
				A6DCE7411F7033F10098C20F /* Main.storyboard in Resources */,
			);
			runOnlyForDeploymentPostprocessing = 0;
		};
/* End PBXResourcesBuildPhase section */

/* Begin PBXSourcesBuildPhase section */
		A6DCE7341F7033F10098C20F /* Sources */ = {
			isa = PBXSourcesBuildPhase;
			buildActionMask = 2147483647;
			files = (
				A6DCE73E1F7033F10098C20F /* ViewController.swift in Sources */,
				A6DCE73C1F7033F10098C20F /* AppDelegate.swift in Sources */,
			);
			runOnlyForDeploymentPostprocessing = 0;
		};
/* End PBXSourcesBuildPhase section */

/* Begin PBXVariantGroup section */
		A6DCE73F1F7033F10098C20F /* Main.storyboard */ = {
			isa = PBXVariantGroup;
			children = (
				A6DCE7401F7033F10098C20F /* Base */,
			);
			name = Main.storyboard;
			sourceTree = "<group>";
		};
		A6DCE7441F7033F10098C20F /* LaunchScreen.storyboard */ = {
			isa = PBXVariantGroup;
			children = (
				A6DCE7451F7033F10098C20F /* Base */,
			);
			name = LaunchScreen.storyboard;
			sourceTree = "<group>";
		};
/* End PBXVariantGroup section */

/* Begin XCBuildConfiguration section */
		A6DCE7481F7033F10098C20F /* Debug */ = {
			isa = XCBuildConfiguration;
			buildSettings = {
				ALWAYS_SEARCH_USER_PATHS = NO;
				CLANG_ANALYZER_NONNULL = YES;
				CLANG_ANALYZER_NUMBER_OBJECT_CONVERSION = YES_AGGRESSIVE;
				CLANG_CXX_LANGUAGE_STANDARD = "gnu++0x";
				CLANG_CXX_LIBRARY = "libc++";
				CLANG_ENABLE_MODULES = YES;
				CLANG_ENABLE_OBJC_ARC = YES;
				CLANG_WARN_BOOL_CONVERSION = YES;
				CLANG_WARN_CONSTANT_CONVERSION = YES;
				CLANG_WARN_DIRECT_OBJC_ISA_USAGE = YES_ERROR;
				CLANG_WARN_DOCUMENTATION_COMMENTS = YES;
				CLANG_WARN_EMPTY_BODY = YES;
				CLANG_WARN_ENUM_CONVERSION = YES;
				CLANG_WARN_INFINITE_RECURSION = YES;
				CLANG_WARN_INT_CONVERSION = YES;
				CLANG_WARN_OBJC_ROOT_CLASS = YES_ERROR;
				CLANG_WARN_SUSPICIOUS_MOVE = YES;
				CLANG_WARN_UNREACHABLE_CODE = YES;
				CLANG_WARN__DUPLICATE_METHOD_MATCH = YES;
				"CODE_SIGN_IDENTITY[sdk=iphoneos*]" = "iPhone Developer";
				COPY_PHASE_STRIP = NO;
				DEBUG_INFORMATION_FORMAT = dwarf;
				ENABLE_STRICT_OBJC_MSGSEND = YES;
				ENABLE_TESTABILITY = YES;
				GCC_C_LANGUAGE_STANDARD = gnu99;
				GCC_DYNAMIC_NO_PIC = NO;
				GCC_NO_COMMON_BLOCKS = YES;
				GCC_OPTIMIZATION_LEVEL = 0;
				GCC_PREPROCESSOR_DEFINITIONS = (
					"DEBUG=1",
					"$(inherited)",
				);
				GCC_WARN_64_TO_32_BIT_CONVERSION = YES;
				GCC_WARN_ABOUT_RETURN_TYPE = YES_ERROR;
				GCC_WARN_UNDECLARED_SELECTOR = YES;
				GCC_WARN_UNINITIALIZED_AUTOS = YES_AGGRESSIVE;
				GCC_WARN_UNUSED_FUNCTION = YES;
				GCC_WARN_UNUSED_VARIABLE = YES;
				IPHONEOS_DEPLOYMENT_TARGET = 10.3;
				MTL_ENABLE_DEBUG_INFO = YES;
				ONLY_ACTIVE_ARCH = YES;
				SDKROOT = iphoneos;
				SWIFT_ACTIVE_COMPILATION_CONDITIONS = DEBUG;
				SWIFT_OPTIMIZATION_LEVEL = "-Onone";
			};
			name = Debug;
		};
		A6DCE7491F7033F10098C20F /* Release */ = {
			isa = XCBuildConfiguration;
			buildSettings = {
				ALWAYS_SEARCH_USER_PATHS = NO;
				CLANG_ANALYZER_NONNULL = YES;
				CLANG_ANALYZER_NUMBER_OBJECT_CONVERSION = YES_AGGRESSIVE;
				CLANG_CXX_LANGUAGE_STANDARD = "gnu++0x";
				CLANG_CXX_LIBRARY = "libc++";
				CLANG_ENABLE_MODULES = YES;
				CLANG_ENABLE_OBJC_ARC = YES;
				CLANG_WARN_BOOL_CONVERSION = YES;
				CLANG_WARN_CONSTANT_CONVERSION = YES;
				CLANG_WARN_DIRECT_OBJC_ISA_USAGE = YES_ERROR;
				CLANG_WARN_DOCUMENTATION_COMMENTS = YES;
				CLANG_WARN_EMPTY_BODY = YES;
				CLANG_WARN_ENUM_CONVERSION = YES;
				CLANG_WARN_INFINITE_RECURSION = YES;
				CLANG_WARN_INT_CONVERSION = YES;
				CLANG_WARN_OBJC_ROOT_CLASS = YES_ERROR;
				CLANG_WARN_SUSPICIOUS_MOVE = YES;
				CLANG_WARN_UNREACHABLE_CODE = YES;
				CLANG_WARN__DUPLICATE_METHOD_MATCH = YES;
				"CODE_SIGN_IDENTITY[sdk=iphoneos*]" = "iPhone Developer";
				COPY_PHASE_STRIP = NO;
				DEBUG_INFORMATION_FORMAT = "dwarf-with-dsym";
				ENABLE_NS_ASSERTIONS = NO;
				ENABLE_STRICT_OBJC_MSGSEND = YES;
				GCC_C_LANGUAGE_STANDARD = gnu99;
				GCC_NO_COMMON_BLOCKS = YES;
				GCC_WARN_64_TO_32_BIT_CONVERSION = YES;
				GCC_WARN_ABOUT_RETURN_TYPE = YES_ERROR;
				GCC_WARN_UNDECLARED_SELECTOR = YES;
				GCC_WARN_UNINITIALIZED_AUTOS = YES_AGGRESSIVE;
				GCC_WARN_UNUSED_FUNCTION = YES;
				GCC_WARN_UNUSED_VARIABLE = YES;
				IPHONEOS_DEPLOYMENT_TARGET = 10.3;
				MTL_ENABLE_DEBUG_INFO = NO;
				SDKROOT = iphoneos;
				SWIFT_OPTIMIZATION_LEVEL = "-Owholemodule";
				VALIDATE_PRODUCT = YES;
			};
			name = Release;
		};
		A6DCE74B1F7033F10098C20F /* Debug */ = {
			isa = XCBuildConfiguration;
			buildSettings = {
				ASSETCATALOG_COMPILER_APPICON_NAME = AppIcon;
				DEVELOPMENT_TEAM = WCSYUG993U;
				INFOPLIST_FILE = Bonrevoir/Info.plist;
				LD_RUNPATH_SEARCH_PATHS = "$(inherited) @executable_path/Frameworks";
				PRODUCT_BUNDLE_IDENTIFIER = fr.nicolas.salleron.Bonrevoir;
				PRODUCT_NAME = "$(TARGET_NAME)";
				SWIFT_VERSION = 3.0;
			};
			name = Debug;
		};
		A6DCE74C1F7033F10098C20F /* Release */ = {
			isa = XCBuildConfiguration;
			buildSettings = {
				ASSETCATALOG_COMPILER_APPICON_NAME = AppIcon;
				DEVELOPMENT_TEAM = WCSYUG993U;
				INFOPLIST_FILE = Bonrevoir/Info.plist;
				LD_RUNPATH_SEARCH_PATHS = "$(inherited) @executable_path/Frameworks";
				PRODUCT_BUNDLE_IDENTIFIER = fr.nicolas.salleron.Bonrevoir;
				PRODUCT_NAME = "$(TARGET_NAME)";
				SWIFT_VERSION = 3.0;
			};
			name = Release;
		};
/* End XCBuildConfiguration section */

/* Begin XCConfigurationList section */
		A6DCE7331F7033F10098C20F /* Build configuration list for PBXProject "Bonrevoir" */ = {
			isa = XCConfigurationList;
			buildConfigurations = (
				A6DCE7481F7033F10098C20F /* Debug */,
				A6DCE7491F7033F10098C20F /* Release */,
			);
			defaultConfigurationIsVisible = 0;
			defaultConfigurationName = Release;
		};
		A6DCE74A1F7033F10098C20F /* Build configuration list for PBXNativeTarget "Bonrevoir" */ = {
			isa = XCConfigurationList;
			buildConfigurations = (
				A6DCE74B1F7033F10098C20F /* Debug */,
				A6DCE74C1F7033F10098C20F /* Release */,
			);
			defaultConfigurationIsVisible = 0;
		};
/* End XCConfigurationList section */
	};
	rootObject = A6DCE7301F7033F10098C20F /* Project object */;
}
