// !$*UTF8*$!
{
	archiveVersion = 1;
	classes = {
	};
	objectVersion = 46;
	objects = {

/* Begin PBXBuildFile section */
		A6DCE71A1F70319B0098C20F /* main.m in Sources */ = {isa = PBXBuildFile; fileRef = A6DCE7191F70319B0098C20F /* main.m */; };
		A6DCE71D1F70319B0098C20F /* AppDelegate.m in Sources */ = {isa = PBXBuildFile; fileRef = A6DCE71C1F70319B0098C20F /* AppDelegate.m */; };
		A6DCE7201F70319B0098C20F /* ViewController.m in Sources */ = {isa = PBXBuildFile; fileRef = A6DCE71F1F70319B0098C20F /* ViewController.m */; };
		A6DCE7231F70319B0098C20F /* Main.storyboard in Resources */ = {isa = PBXBuildFile; fileRef = A6DCE7211F70319B0098C20F /* Main.storyboard */; };
		A6DCE7251F70319B0098C20F /* Assets.xcassets in Resources */ = {isa = PBXBuildFile; fileRef = A6DCE7241F70319B0098C20F /* Assets.xcassets */; };
		A6DCE7281F70319B0098C20F /* LaunchScreen.storyboard in Resources */ = {isa = PBXBuildFile; fileRef = A6DCE7261F70319B0098C20F /* LaunchScreen.storyboard */; };
/* End PBXBuildFile section */

/* Begin PBXFileReference section */
		A6DCE7151F70319B0098C20F /* Bonrevoir.app */ = {isa = PBXFileReference; explicitFileType = wrapper.application; includeInIndex = 0; path = Bonrevoir.app; sourceTree = BUILT_PRODUCTS_DIR; };
		A6DCE7191F70319B0098C20F /* main.m */ = {isa = PBXFileReference; lastKnownFileType = sourcecode.c.objc; path = main.m; sourceTree = "<group>"; };
		A6DCE71B1F70319B0098C20F /* AppDelegate.h */ = {isa = PBXFileReference; lastKnownFileType = sourcecode.c.h; path = AppDelegate.h; sourceTree = "<group>"; };
		A6DCE71C1F70319B0098C20F /* AppDelegate.m */ = {isa = PBXFileReference; lastKnownFileType = sourcecode.c.objc; path = AppDelegate.m; sourceTree = "<group>"; };
		A6DCE71E1F70319B0098C20F /* ViewController.h */ = {isa = PBXFileReference; lastKnownFileType = sourcecode.c.h; path = ViewController.h; sourceTree = "<group>"; };
		A6DCE71F1F70319B0098C20F /* ViewController.m */ = {isa = PBXFileReference; lastKnownFileType = sourcecode.c.objc; path = ViewController.m; sourceTree = "<group>"; };
		A6DCE7221F70319B0098C20F /* Base */ = {isa = PBXFileReference; lastKnownFileType = file.storyboard; name = Base; path = Base.lproj/Main.storyboard; sourceTree = "<group>"; };
		A6DCE7241F70319B0098C20F /* Assets.xcassets */ = {isa = PBXFileReference; lastKnownFileType = folder.assetcatalog; path = Assets.xcassets; sourceTree = "<group>"; };
		A6DCE7271F70319B0098C20F /* Base */ = {isa = PBXFileReference; lastKnownFileType = file.storyboard; name = Base; path = Base.lproj/LaunchScreen.storyboard; sourceTree = "<group>"; };
		A6DCE7291F70319B0098C20F /* Info.plist */ = {isa = PBXFileReference; lastKnownFileType = text.plist.xml; path = Info.plist; sourceTree = "<group>"; };
/* End PBXFileReference section */

/* Begin PBXFrameworksBuildPhase section */
		A6DCE7121F70319B0098C20F /* Frameworks */ = {
			isa = PBXFrameworksBuildPhase;
			buildActionMask = 2147483647;
			files = (
			);
			runOnlyForDeploymentPostprocessing = 0;
		};
/* End PBXFrameworksBuildPhase section */

/* Begin PBXGroup section */
		A6DCE70C1F70319B0098C20F = {
			isa = PBXGroup;
			children = (
				A6DCE7171F70319B0098C20F /* Bonrevoir */,
				A6DCE7161F70319B0098C20F /* Products */,
			);
			sourceTree = "<group>";
		};
		A6DCE7161F70319B0098C20F /* Products */ = {
			isa = PBXGroup;
			children = (
				A6DCE7151F70319B0098C20F /* Bonrevoir.app */,
			);
			name = Products;
			sourceTree = "<group>";
		};
		A6DCE7171F70319B0098C20F /* Bonrevoir */ = {
			isa = PBXGroup;
			children = (
				A6DCE71B1F70319B0098C20F /* AppDelegate.h */,
				A6DCE71C1F70319B0098C20F /* AppDelegate.m */,
				A6DCE71E1F70319B0098C20F /* ViewController.h */,
				A6DCE71F1F70319B0098C20F /* ViewController.m */,
				A6DCE7211F70319B0098C20F /* Main.storyboard */,
				A6DCE7241F70319B0098C20F /* Assets.xcassets */,
				A6DCE7261F70319B0098C20F /* LaunchScreen.storyboard */,
				A6DCE7291F70319B0098C20F /* Info.plist */,
				A6DCE7181F70319B0098C20F /* Supporting Files */,
			);
			path = Bonrevoir;
			sourceTree = "<group>";
		};
		A6DCE7181F70319B0098C20F /* Supporting Files */ = {
			isa = PBXGroup;
			children = (
				A6DCE7191F70319B0098C20F /* main.m */,
			);
			name = "Supporting Files";
			sourceTree = "<group>";
		};
/* End PBXGroup section */

/* Begin PBXNativeTarget section */
		A6DCE7141F70319B0098C20F /* Bonrevoir */ = {
			isa = PBXNativeTarget;
			buildConfigurationList = A6DCE72C1F70319B0098C20F /* Build configuration list for PBXNativeTarget "Bonrevoir" */;
			buildPhases = (
				A6DCE7111F70319B0098C20F /* Sources */,
				A6DCE7121F70319B0098C20F /* Frameworks */,
				A6DCE7131F70319B0098C20F /* Resources */,
			);
			buildRules = (
			);
			dependencies = (
			);
			name = Bonrevoir;
			productName = Bonrevoir;
			productReference = A6DCE7151F70319B0098C20F /* Bonrevoir.app */;
			productType = "com.apple.product-type.application";
		};
/* End PBXNativeTarget section */

/* Begin PBXProject section */
		A6DCE70D1F70319B0098C20F /* Project object */ = {
			isa = PBXProject;
			attributes = {
				LastUpgradeCheck = 0830;
				ORGANIZATIONNAME = "Nicolas Salleron";
				TargetAttributes = {
					A6DCE7141F70319B0098C20F = {
						CreatedOnToolsVersion = 8.3.3;
						DevelopmentTeam = WCSYUG993U;
						ProvisioningStyle = Automatic;
					};
				};
			};
			buildConfigurationList = A6DCE7101F70319B0098C20F /* Build configuration list for PBXProject "Bonrevoir" */;
			compatibilityVersion = "Xcode 3.2";
			developmentRegion = English;
			hasScannedForEncodings = 0;
			knownRegions = (
				en,
				Base,
			);
			mainGroup = A6DCE70C1F70319B0098C20F;
			productRefGroup = A6DCE7161F70319B0098C20F /* Products */;
			projectDirPath = "";
			projectRoot = "";
			targets = (
				A6DCE7141F70319B0098C20F /* Bonrevoir */,
			);
		};
/* End PBXProject section */

/* Begin PBXResourcesBuildPhase section */
		A6DCE7131F70319B0098C20F /* Resources */ = {
			isa = PBXResourcesBuildPhase;
			buildActionMask = 2147483647;
			files = (
				A6DCE7281F70319B0098C20F /* LaunchScreen.storyboard in Resources */,
				A6DCE7251F70319B0098C20F /* Assets.xcassets in Resources */,
				A6DCE7231F70319B0098C20F /* Main.storyboard in Resources */,
			);
			runOnlyForDeploymentPostprocessing = 0;
		};
/* End PBXResourcesBuildPhase section */

/* Begin PBXSourcesBuildPhase section */
		A6DCE7111F70319B0098C20F /* Sources */ = {
			isa = PBXSourcesBuildPhase;
			buildActionMask = 2147483647;
			files = (
				A6DCE7201F70319B0098C20F /* ViewController.m in Sources */,
				A6DCE71D1F70319B0098C20F /* AppDelegate.m in Sources */,
				A6DCE71A1F70319B0098C20F /* main.m in Sources */,
			);
			runOnlyForDeploymentPostprocessing = 0;
		};
/* End PBXSourcesBuildPhase section */

/* Begin PBXVariantGroup section */
		A6DCE7211F70319B0098C20F /* Main.storyboard */ = {
			isa = PBXVariantGroup;
			children = (
				A6DCE7221F70319B0098C20F /* Base */,
			);
			name = Main.storyboard;
			sourceTree = "<group>";
		};
		A6DCE7261F70319B0098C20F /* LaunchScreen.storyboard */ = {
			isa = PBXVariantGroup;
			children = (
				A6DCE7271F70319B0098C20F /* Base */,
			);
			name = LaunchScreen.storyboard;
			sourceTree = "<group>";
		};
/* End PBXVariantGroup section */

/* Begin XCBuildConfiguration section */
		A6DCE72A1F70319B0098C20F /* Debug */ = {
			isa = XCBuildConfiguration;
			buildSettings = {
				ALWAYS_SEARCH_USER_PATHS = NO;
				CLANG_ANALYZER_NONNULL = YES;
				CLANG_ANALYZER_NUMBER_OBJECT_CONVERSION = YES_AGGRESSIVE;
				CLANG_CXX_LANGUAGE_STANDARD = "gnu++0x";
				CLANG_CXX_LIBRARY = "libc++";
				CLANG_ENABLE_MODULES = YES;
				CLANG_ENABLE_OBJC_ARC = YES;
				CLANG_WARN_BOOL_CONVERSION = YES;
				CLANG_WARN_CONSTANT_CONVERSION = YES;
				CLANG_WARN_DIRECT_OBJC_ISA_USAGE = YES_ERROR;
				CLANG_WARN_DOCUMENTATION_COMMENTS = YES;
				CLANG_WARN_EMPTY_BODY = YES;
				CLANG_WARN_ENUM_CONVERSION = YES;
				CLANG_WARN_INFINITE_RECURSION = YES;
				CLANG_WARN_INT_CONVERSION = YES;
				CLANG_WARN_OBJC_ROOT_CLASS = YES_ERROR;
				CLANG_WARN_SUSPICIOUS_MOVE = YES;
				CLANG_WARN_UNREACHABLE_CODE = YES;
				CLANG_WARN__DUPLICATE_METHOD_MATCH = YES;
				"CODE_SIGN_IDENTITY[sdk=iphoneos*]" = "iPhone Developer";
				COPY_PHASE_STRIP = NO;
				DEBUG_INFORMATION_FORMAT = dwarf;
				ENABLE_STRICT_OBJC_MSGSEND = YES;
				ENABLE_TESTABILITY = YES;
				GCC_C_LANGUAGE_STANDARD = gnu99;
				GCC_DYNAMIC_NO_PIC = NO;
				GCC_NO_COMMON_BLOCKS = YES;
				GCC_OPTIMIZATION_LEVEL = 0;
				GCC_PREPROCESSOR_DEFINITIONS = (
					"DEBUG=1",
					"$(inherited)",
				);
				GCC_WARN_64_TO_32_BIT_CONVERSION = YES;
				GCC_WARN_ABOUT_RETURN_TYPE = YES_ERROR;
				GCC_WARN_UNDECLARED_SELECTOR = YES;
				GCC_WARN_UNINITIALIZED_AUTOS = YES_AGGRESSIVE;
				GCC_WARN_UNUSED_FUNCTION = YES;
				GCC_WARN_UNUSED_VARIABLE = YES;
				IPHONEOS_DEPLOYMENT_TARGET = 10.3;
				MTL_ENABLE_DEBUG_INFO = YES;
				ONLY_ACTIVE_ARCH = YES;
				SDKROOT = iphoneos;
			};
			name = Debug;
		};
		A6DCE72B1F70319B0098C20F /* Release */ = {
			isa = XCBuildConfiguration;
			buildSettings = {
				ALWAYS_SEARCH_USER_PATHS = NO;
				CLANG_ANALYZER_NONNULL = YES;
				CLANG_ANALYZER_NUMBER_OBJECT_CONVERSION = YES_AGGRESSIVE;
				CLANG_CXX_LANGUAGE_STANDARD = "gnu++0x";
				CLANG_CXX_LIBRARY = "libc++";
				CLANG_ENABLE_MODULES = YES;
				CLANG_ENABLE_OBJC_ARC = YES;
				CLANG_WARN_BOOL_CONVERSION = YES;
				CLANG_WARN_CONSTANT_CONVERSION = YES;
				CLANG_WARN_DIRECT_OBJC_ISA_USAGE = YES_ERROR;
				CLANG_WARN_DOCUMENTATION_COMMENTS = YES;
				CLANG_WARN_EMPTY_BODY = YES;
				CLANG_WARN_ENUM_CONVERSION = YES;
				CLANG_WARN_INFINITE_RECURSION = YES;
				CLANG_WARN_INT_CONVERSION = YES;
				CLANG_WARN_OBJC_ROOT_CLASS = YES_ERROR;
				CLANG_WARN_SUSPICIOUS_MOVE = YES;
				CLANG_WARN_UNREACHABLE_CODE = YES;
				CLANG_WARN__DUPLICATE_METHOD_MATCH = YES;
				"CODE_SIGN_IDENTITY[sdk=iphoneos*]" = "iPhone Developer";
				COPY_PHASE_STRIP = NO;
				DEBUG_INFORMATION_FORMAT = "dwarf-with-dsym";
				ENABLE_NS_ASSERTIONS = NO;
				ENABLE_STRICT_OBJC_MSGSEND = YES;
				GCC_C_LANGUAGE_STANDARD = gnu99;
				GCC_NO_COMMON_BLOCKS = YES;
				GCC_WARN_64_TO_32_BIT_CONVERSION = YES;
				GCC_WARN_ABOUT_RETURN_TYPE = YES_ERROR;
				GCC_WARN_UNDECLARED_SELECTOR = YES;
				GCC_WARN_UNINITIALIZED_AUTOS = YES_AGGRESSIVE;
				GCC_WARN_UNUSED_FUNCTION = YES;
				GCC_WARN_UNUSED_VARIABLE = YES;
				IPHONEOS_DEPLOYMENT_TARGET = 10.3;
				MTL_ENABLE_DEBUG_INFO = NO;
				SDKROOT = iphoneos;
				VALIDATE_PRODUCT = YES;
			};
			name = Release;
		};
		A6DCE72D1F70319B0098C20F /* Debug */ = {
			isa = XCBuildConfiguration;
			buildSettings = {
				ASSETCATALOG_COMPILER_APPICON_NAME = AppIcon;
				DEVELOPMENT_TEAM = WCSYUG993U;
				INFOPLIST_FILE = Bonrevoir/Info.plist;
				LD_RUNPATH_SEARCH_PATHS = "$(inherited) @executable_path/Frameworks";
				PRODUCT_BUNDLE_IDENTIFIER = fr.nicolas.salleron.Bonrevoir;
				PRODUCT_NAME = "$(TARGET_NAME)";
			};
			name = Debug;
		};
		A6DCE72E1F70319B0098C20F /* Release */ = {
			isa = XCBuildConfiguration;
			buildSettings = {
				ASSETCATALOG_COMPILER_APPICON_NAME = AppIcon;
				DEVELOPMENT_TEAM = WCSYUG993U;
				INFOPLIST_FILE = Bonrevoir/Info.plist;
				LD_RUNPATH_SEARCH_PATHS = "$(inherited) @executable_path/Frameworks";
				PRODUCT_BUNDLE_IDENTIFIER = fr.nicolas.salleron.Bonrevoir;
				PRODUCT_NAME = "$(TARGET_NAME)";
			};
			name = Release;
		};
/* End XCBuildConfiguration section */

/* Begin XCConfigurationList section */
		A6DCE7101F70319B0098C20F /* Build configuration list for PBXProject "Bonrevoir" */ = {
			isa = XCConfigurationList;
			buildConfigurations = (
				A6DCE72A1F70319B0098C20F /* Debug */,
				A6DCE72B1F70319B0098C20F /* Release */,
			);
			defaultConfigurationIsVisible = 0;
			defaultConfigurationName = Release;
		};
		A6DCE72C1F70319B0098C20F /* Build configuration list for PBXNativeTarget "Bonrevoir" */ = {
			isa = XCConfigurationList;
			buildConfigurations = (
				A6DCE72D1F70319B0098C20F /* Debug */,
				A6DCE72E1F70319B0098C20F /* Release */,
			);
			defaultConfigurationIsVisible = 0;
		};
/* End XCConfigurationList section */
	};
	rootObject = A6DCE70D1F70319B0098C20F /* Project object */;
}
