// !$*UTF8*$!
{
	archiveVersion = 1;
	classes = {
	};
	objectVersion = 46;
	objects = {

/* Begin PBXBuildFile section */
		A68238D51F81222400EDF9AF /* AppDelegate.swift in Sources */ = {isa = PBXBuildFile; fileRef = A68238D41F81222400EDF9AF /* AppDelegate.swift */; };
		A68238D71F81222400EDF9AF /* ViewController.swift in Sources */ = {isa = PBXBuildFile; fileRef = A68238D61F81222400EDF9AF /* ViewController.swift */; };
		A68238DA1F81222400EDF9AF /* Main.storyboard in Resources */ = {isa = PBXBuildFile; fileRef = A68238D81F81222400EDF9AF /* Main.storyboard */; };
		A68238DC1F81222400EDF9AF /* Assets.xcassets in Resources */ = {isa = PBXBuildFile; fileRef = A68238DB1F81222400EDF9AF /* Assets.xcassets */; };
		A68238DF1F81222400EDF9AF /* LaunchScreen.storyboard in Resources */ = {isa = PBXBuildFile; fileRef = A68238DD1F81222400EDF9AF /* LaunchScreen.storyboard */; };
/* End PBXBuildFile section */

/* Begin PBXFileReference section */
		A68238D11F81222400EDF9AF /* Dizainier.app */ = {isa = PBXFileReference; explicitFileType = wrapper.application; includeInIndex = 0; path = Dizainier.app; sourceTree = BUILT_PRODUCTS_DIR; };
		A68238D41F81222400EDF9AF /* AppDelegate.swift */ = {isa = PBXFileReference; lastKnownFileType = sourcecode.swift; path = AppDelegate.swift; sourceTree = "<group>"; };
		A68238D61F81222400EDF9AF /* ViewController.swift */ = {isa = PBXFileReference; lastKnownFileType = sourcecode.swift; path = ViewController.swift; sourceTree = "<group>"; };
		A68238D91F81222400EDF9AF /* Base */ = {isa = PBXFileReference; lastKnownFileType = file.storyboard; name = Base; path = Base.lproj/Main.storyboard; sourceTree = "<group>"; };
		A68238DB1F81222400EDF9AF /* Assets.xcassets */ = {isa = PBXFileReference; lastKnownFileType = folder.assetcatalog; path = Assets.xcassets; sourceTree = "<group>"; };
		A68238DE1F81222400EDF9AF /* Base */ = {isa = PBXFileReference; lastKnownFileType = file.storyboard; name = Base; path = Base.lproj/LaunchScreen.storyboard; sourceTree = "<group>"; };
		A68238E01F81222400EDF9AF /* Info.plist */ = {isa = PBXFileReference; lastKnownFileType = text.plist.xml; path = Info.plist; sourceTree = "<group>"; };
/* End PBXFileReference section */

/* Begin PBXFrameworksBuildPhase section */
		A68238CE1F81222400EDF9AF /* Frameworks */ = {
			isa = PBXFrameworksBuildPhase;
			buildActionMask = 2147483647;
			files = (
			);
			runOnlyForDeploymentPostprocessing = 0;
		};
/* End PBXFrameworksBuildPhase section */

/* Begin PBXGroup section */
		A68238C81F81222400EDF9AF = {
			isa = PBXGroup;
			children = (
				A68238D31F81222400EDF9AF /* Dizainier */,
				A68238D21F81222400EDF9AF /* Products */,
			);
			sourceTree = "<group>";
		};
		A68238D21F81222400EDF9AF /* Products */ = {
			isa = PBXGroup;
			children = (
				A68238D11F81222400EDF9AF /* Dizainier.app */,
			);
			name = Products;
			sourceTree = "<group>";
		};
		A68238D31F81222400EDF9AF /* Dizainier */ = {
			isa = PBXGroup;
			children = (
				A68238D41F81222400EDF9AF /* AppDelegate.swift */,
				A68238D61F81222400EDF9AF /* ViewController.swift */,
				A68238D81F81222400EDF9AF /* Main.storyboard */,
				A68238DB1F81222400EDF9AF /* Assets.xcassets */,
				A68238DD1F81222400EDF9AF /* LaunchScreen.storyboard */,
				A68238E01F81222400EDF9AF /* Info.plist */,
			);
			path = Dizainier;
			sourceTree = "<group>";
		};
/* End PBXGroup section */

/* Begin PBXNativeTarget section */
		A68238D01F81222400EDF9AF /* Dizainier */ = {
			isa = PBXNativeTarget;
			buildConfigurationList = A68238E31F81222400EDF9AF /* Build configuration list for PBXNativeTarget "Dizainier" */;
			buildPhases = (
				A68238CD1F81222400EDF9AF /* Sources */,
				A68238CE1F81222400EDF9AF /* Frameworks */,
				A68238CF1F81222400EDF9AF /* Resources */,
			);
			buildRules = (
			);
			dependencies = (
			);
			name = Dizainier;
			productName = Dizainier;
			productReference = A68238D11F81222400EDF9AF /* Dizainier.app */;
			productType = "com.apple.product-type.application";
		};
/* End PBXNativeTarget section */

/* Begin PBXProject section */
		A68238C91F81222400EDF9AF /* Project object */ = {
			isa = PBXProject;
			attributes = {
				LastSwiftUpdateCheck = 0830;
				LastUpgradeCheck = 0830;
				ORGANIZATIONNAME = "Nicolas Salleron";
				TargetAttributes = {
					A68238D01F81222400EDF9AF = {
						CreatedOnToolsVersion = 8.3.3;
						DevelopmentTeam = WCSYUG993U;
						ProvisioningStyle = Automatic;
					};
				};
			};
			buildConfigurationList = A68238CC1F81222400EDF9AF /* Build configuration list for PBXProject "Dizainier" */;
			compatibilityVersion = "Xcode 3.2";
			developmentRegion = English;
			hasScannedForEncodings = 0;
			knownRegions = (
				en,
				Base,
			);
			mainGroup = A68238C81F81222400EDF9AF;
			productRefGroup = A68238D21F81222400EDF9AF /* Products */;
			projectDirPath = "";
			projectRoot = "";
			targets = (
				A68238D01F81222400EDF9AF /* Dizainier */,
			);
		};
/* End PBXProject section */

/* Begin PBXResourcesBuildPhase section */
		A68238CF1F81222400EDF9AF /* Resources */ = {
			isa = PBXResourcesBuildPhase;
			buildActionMask = 2147483647;
			files = (
				A68238DF1F81222400EDF9AF /* LaunchScreen.storyboard in Resources */,
				A68238DC1F81222400EDF9AF /* Assets.xcassets in Resources */,
				A68238DA1F81222400EDF9AF /* Main.storyboard in Resources */,
			);
			runOnlyForDeploymentPostprocessing = 0;
		};
/* End PBXResourcesBuildPhase section */

/* Begin PBXSourcesBuildPhase section */
		A68238CD1F81222400EDF9AF /* Sources */ = {
			isa = PBXSourcesBuildPhase;
			buildActionMask = 2147483647;
			files = (
				A68238D71F81222400EDF9AF /* ViewController.swift in Sources */,
				A68238D51F81222400EDF9AF /* AppDelegate.swift in Sources */,
			);
			runOnlyForDeploymentPostprocessing = 0;
		};
/* End PBXSourcesBuildPhase section */

/* Begin PBXVariantGroup section */
		A68238D81F81222400EDF9AF /* Main.storyboard */ = {
			isa = PBXVariantGroup;
			children = (
				A68238D91F81222400EDF9AF /* Base */,
			);
			name = Main.storyboard;
			sourceTree = "<group>";
		};
		A68238DD1F81222400EDF9AF /* LaunchScreen.storyboard */ = {
			isa = PBXVariantGroup;
			children = (
				A68238DE1F81222400EDF9AF /* Base */,
			);
			name = LaunchScreen.storyboard;
			sourceTree = "<group>";
		};
/* End PBXVariantGroup section */

/* Begin XCBuildConfiguration section */
		A68238E11F81222400EDF9AF /* Debug */ = {
			isa = XCBuildConfiguration;
			buildSettings = {
				ALWAYS_SEARCH_USER_PATHS = NO;
				CLANG_ANALYZER_NONNULL = YES;
				CLANG_ANALYZER_NUMBER_OBJECT_CONVERSION = YES_AGGRESSIVE;
				CLANG_CXX_LANGUAGE_STANDARD = "gnu++0x";
				CLANG_CXX_LIBRARY = "libc++";
				CLANG_ENABLE_MODULES = YES;
				CLANG_ENABLE_OBJC_ARC = YES;
				CLANG_WARN_BOOL_CONVERSION = YES;
				CLANG_WARN_CONSTANT_CONVERSION = YES;
				CLANG_WARN_DIRECT_OBJC_ISA_USAGE = YES_ERROR;
				CLANG_WARN_DOCUMENTATION_COMMENTS = YES;
				CLANG_WARN_EMPTY_BODY = YES;
				CLANG_WARN_ENUM_CONVERSION = YES;
				CLANG_WARN_INFINITE_RECURSION = YES;
				CLANG_WARN_INT_CONVERSION = YES;
				CLANG_WARN_OBJC_ROOT_CLASS = YES_ERROR;
				CLANG_WARN_SUSPICIOUS_MOVE = YES;
				CLANG_WARN_UNREACHABLE_CODE = YES;
				CLANG_WARN__DUPLICATE_METHOD_MATCH = YES;
				"CODE_SIGN_IDENTITY[sdk=iphoneos*]" = "iPhone Developer";
				COPY_PHASE_STRIP = NO;
				DEBUG_INFORMATION_FORMAT = dwarf;
				ENABLE_STRICT_OBJC_MSGSEND = YES;
				ENABLE_TESTABILITY = YES;
				GCC_C_LANGUAGE_STANDARD = gnu99;
				GCC_DYNAMIC_NO_PIC = NO;
				GCC_NO_COMMON_BLOCKS = YES;
				GCC_OPTIMIZATION_LEVEL = 0;
				GCC_PREPROCESSOR_DEFINITIONS = (
					"DEBUG=1",
					"$(inherited)",
				);
				GCC_WARN_64_TO_32_BIT_CONVERSION = YES;
				GCC_WARN_ABOUT_RETURN_TYPE = YES_ERROR;
				GCC_WARN_UNDECLARED_SELECTOR = YES;
				GCC_WARN_UNINITIALIZED_AUTOS = YES_AGGRESSIVE;
				GCC_WARN_UNUSED_FUNCTION = YES;
				GCC_WARN_UNUSED_VARIABLE = YES;
				IPHONEOS_DEPLOYMENT_TARGET = 10.3;
				MTL_ENABLE_DEBUG_INFO = YES;
				ONLY_ACTIVE_ARCH = YES;
				SDKROOT = iphoneos;
				SWIFT_ACTIVE_COMPILATION_CONDITIONS = DEBUG;
				SWIFT_OPTIMIZATION_LEVEL = "-Onone";
			};
			name = Debug;
		};
		A68238E21F81222400EDF9AF /* Release */ = {
			isa = XCBuildConfiguration;
			buildSettings = {
				ALWAYS_SEARCH_USER_PATHS = NO;
				CLANG_ANALYZER_NONNULL = YES;
				CLANG_ANALYZER_NUMBER_OBJECT_CONVERSION = YES_AGGRESSIVE;
				CLANG_CXX_LANGUAGE_STANDARD = "gnu++0x";
				CLANG_CXX_LIBRARY = "libc++";
				CLANG_ENABLE_MODULES = YES;
				CLANG_ENABLE_OBJC_ARC = YES;
				CLANG_WARN_BOOL_CONVERSION = YES;
				CLANG_WARN_CONSTANT_CONVERSION = YES;
				CLANG_WARN_DIRECT_OBJC_ISA_USAGE = YES_ERROR;
				CLANG_WARN_DOCUMENTATION_COMMENTS = YES;
				CLANG_WARN_EMPTY_BODY = YES;
				CLANG_WARN_ENUM_CONVERSION = YES;
				CLANG_WARN_INFINITE_RECURSION = YES;
				CLANG_WARN_INT_CONVERSION = YES;
				CLANG_WARN_OBJC_ROOT_CLASS = YES_ERROR;
				CLANG_WARN_SUSPICIOUS_MOVE = YES;
				CLANG_WARN_UNREACHABLE_CODE = YES;
				CLANG_WARN__DUPLICATE_METHOD_MATCH = YES;
				"CODE_SIGN_IDENTITY[sdk=iphoneos*]" = "iPhone Developer";
				COPY_PHASE_STRIP = NO;
				DEBUG_INFORMATION_FORMAT = "dwarf-with-dsym";
				ENABLE_NS_ASSERTIONS = NO;
				ENABLE_STRICT_OBJC_MSGSEND = YES;
				GCC_C_LANGUAGE_STANDARD = gnu99;
				GCC_NO_COMMON_BLOCKS = YES;
				GCC_WARN_64_TO_32_BIT_CONVERSION = YES;
				GCC_WARN_ABOUT_RETURN_TYPE = YES_ERROR;
				GCC_WARN_UNDECLARED_SELECTOR = YES;
				GCC_WARN_UNINITIALIZED_AUTOS = YES_AGGRESSIVE;
				GCC_WARN_UNUSED_FUNCTION = YES;
				GCC_WARN_UNUSED_VARIABLE = YES;
				IPHONEOS_DEPLOYMENT_TARGET = 10.3;
				MTL_ENABLE_DEBUG_INFO = NO;
				SDKROOT = iphoneos;
				SWIFT_OPTIMIZATION_LEVEL = "-Owholemodule";
				VALIDATE_PRODUCT = YES;
			};
			name = Release;
		};
		A68238E41F81222400EDF9AF /* Debug */ = {
			isa = XCBuildConfiguration;
			buildSettings = {
				ASSETCATALOG_COMPILER_APPICON_NAME = AppIcon;
				DEVELOPMENT_TEAM = WCSYUG993U;
				INFOPLIST_FILE = Dizainier/Info.plist;
				IPHONEOS_DEPLOYMENT_TARGET = 10.1;
				LD_RUNPATH_SEARCH_PATHS = "$(inherited) @executable_path/Frameworks";
				PRODUCT_BUNDLE_IDENTIFIER = fr.nicolas.salleron.Dizainier;
				PRODUCT_NAME = "$(TARGET_NAME)";
				SWIFT_VERSION = 3.0;
			};
			name = Debug;
		};
		A68238E51F81222400EDF9AF /* Release */ = {
			isa = XCBuildConfiguration;
			buildSettings = {
				ASSETCATALOG_COMPILER_APPICON_NAME = AppIcon;
				DEVELOPMENT_TEAM = WCSYUG993U;
				INFOPLIST_FILE = Dizainier/Info.plist;
				IPHONEOS_DEPLOYMENT_TARGET = 10.1;
				LD_RUNPATH_SEARCH_PATHS = "$(inherited) @executable_path/Frameworks";
				PRODUCT_BUNDLE_IDENTIFIER = fr.nicolas.salleron.Dizainier;
				PRODUCT_NAME = "$(TARGET_NAME)";
				SWIFT_VERSION = 3.0;
			};
			name = Release;
		};
/* End XCBuildConfiguration section */

/* Begin XCConfigurationList section */
		A68238CC1F81222400EDF9AF /* Build configuration list for PBXProject "Dizainier" */ = {
			isa = XCConfigurationList;
			buildConfigurations = (
				A68238E11F81222400EDF9AF /* Debug */,
				A68238E21F81222400EDF9AF /* Release */,
			);
			defaultConfigurationIsVisible = 0;
			defaultConfigurationName = Release;
		};
		A68238E31F81222400EDF9AF /* Build configuration list for PBXNativeTarget "Dizainier" */ = {
			isa = XCConfigurationList;
			buildConfigurations = (
				A68238E41F81222400EDF9AF /* Debug */,
				A68238E51F81222400EDF9AF /* Release */,
			);
			defaultConfigurationIsVisible = 0;
		};
/* End XCConfigurationList section */
	};
	rootObject = A68238C91F81222400EDF9AF /* Project object */;
}
