// !$*UTF8*$!
{
	archiveVersion = 1;
	classes = {
	};
	objectVersion = 46;
	objects = {

/* Begin PBXBuildFile section */
		A6114C5B1FD41083004C64CC /* AppDelegate.swift in Sources */ = {isa = PBXBuildFile; fileRef = A6114C5A1FD41083004C64CC /* AppDelegate.swift */; };
		A6114C5D1FD41083004C64CC /* ViewController.swift in Sources */ = {isa = PBXBuildFile; fileRef = A6114C5C1FD41083004C64CC /* ViewController.swift */; };
		A6114C601FD41083004C64CC /* Main.storyboard in Resources */ = {isa = PBXBuildFile; fileRef = A6114C5E1FD41083004C64CC /* Main.storyboard */; };
		A6114C621FD41083004C64CC /* Assets.xcassets in Resources */ = {isa = PBXBuildFile; fileRef = A6114C611FD41083004C64CC /* Assets.xcassets */; };
		A6114C651FD41083004C64CC /* LaunchScreen.storyboard in Resources */ = {isa = PBXBuildFile; fileRef = A6114C631FD41083004C64CC /* LaunchScreen.storyboard */; };
		A6114C6F1FD4111B004C64CC /* son-etoile.mp3 in Resources */ = {isa = PBXBuildFile; fileRef = A6114C6C1FD4111B004C64CC /* son-etoile.mp3 */; };
		A6114C701FD4111B004C64CC /* son.mp3 in Resources */ = {isa = PBXBuildFile; fileRef = A6114C6D1FD4111B004C64CC /* son.mp3 */; };
		A6114C711FD4111B004C64CC /* squeeze-toy-1.mp3 in Resources */ = {isa = PBXBuildFile; fileRef = A6114C6E1FD4111B004C64CC /* squeeze-toy-1.mp3 */; };
		A6114C731FD41122004C64CC /* midnight-ride-01a.mp3 in Resources */ = {isa = PBXBuildFile; fileRef = A6114C721FD41122004C64CC /* midnight-ride-01a.mp3 */; };
/* End PBXBuildFile section */

/* Begin PBXFileReference section */
		A6114C571FD41083004C64CC /* Rouletabille.app */ = {isa = PBXFileReference; explicitFileType = wrapper.application; includeInIndex = 0; path = Rouletabille.app; sourceTree = BUILT_PRODUCTS_DIR; };
		A6114C5A1FD41083004C64CC /* AppDelegate.swift */ = {isa = PBXFileReference; lastKnownFileType = sourcecode.swift; path = AppDelegate.swift; sourceTree = "<group>"; };
		A6114C5C1FD41083004C64CC /* ViewController.swift */ = {isa = PBXFileReference; lastKnownFileType = sourcecode.swift; path = ViewController.swift; sourceTree = "<group>"; };
		A6114C5F1FD41083004C64CC /* Base */ = {isa = PBXFileReference; lastKnownFileType = file.storyboard; name = Base; path = Base.lproj/Main.storyboard; sourceTree = "<group>"; };
		A6114C611FD41083004C64CC /* Assets.xcassets */ = {isa = PBXFileReference; lastKnownFileType = folder.assetcatalog; path = Assets.xcassets; sourceTree = "<group>"; };
		A6114C641FD41083004C64CC /* Base */ = {isa = PBXFileReference; lastKnownFileType = file.storyboard; name = Base; path = Base.lproj/LaunchScreen.storyboard; sourceTree = "<group>"; };
		A6114C661FD41083004C64CC /* Info.plist */ = {isa = PBXFileReference; lastKnownFileType = text.plist.xml; path = Info.plist; sourceTree = "<group>"; };
		A6114C6C1FD4111B004C64CC /* son-etoile.mp3 */ = {isa = PBXFileReference; lastKnownFileType = audio.mp3; path = "son-etoile.mp3"; sourceTree = "<group>"; };
		A6114C6D1FD4111B004C64CC /* son.mp3 */ = {isa = PBXFileReference; lastKnownFileType = audio.mp3; path = son.mp3; sourceTree = "<group>"; };
		A6114C6E1FD4111B004C64CC /* squeeze-toy-1.mp3 */ = {isa = PBXFileReference; lastKnownFileType = audio.mp3; path = "squeeze-toy-1.mp3"; sourceTree = "<group>"; };
		A6114C721FD41122004C64CC /* midnight-ride-01a.mp3 */ = {isa = PBXFileReference; lastKnownFileType = audio.mp3; path = "midnight-ride-01a.mp3"; sourceTree = "<group>"; };
/* End PBXFileReference section */

/* Begin PBXFrameworksBuildPhase section */
		A6114C541FD41083004C64CC /* Frameworks */ = {
			isa = PBXFrameworksBuildPhase;
			buildActionMask = 2147483647;
			files = (
			);
			runOnlyForDeploymentPostprocessing = 0;
		};
/* End PBXFrameworksBuildPhase section */

/* Begin PBXGroup section */
		A6114C4E1FD41083004C64CC = {
			isa = PBXGroup;
			children = (
				A6114C591FD41083004C64CC /* Rouletabille */,
				A6114C581FD41083004C64CC /* Products */,
			);
			sourceTree = "<group>";
		};
		A6114C581FD41083004C64CC /* Products */ = {
			isa = PBXGroup;
			children = (
				A6114C571FD41083004C64CC /* Rouletabille.app */,
			);
			name = Products;
			sourceTree = "<group>";
		};
		A6114C591FD41083004C64CC /* Rouletabille */ = {
			isa = PBXGroup;
			children = (
				A6114C721FD41122004C64CC /* midnight-ride-01a.mp3 */,
				A6114C6C1FD4111B004C64CC /* son-etoile.mp3 */,
				A6114C6D1FD4111B004C64CC /* son.mp3 */,
				A6114C6E1FD4111B004C64CC /* squeeze-toy-1.mp3 */,
				A6114C5A1FD41083004C64CC /* AppDelegate.swift */,
				A6114C5C1FD41083004C64CC /* ViewController.swift */,
				A6114C5E1FD41083004C64CC /* Main.storyboard */,
				A6114C611FD41083004C64CC /* Assets.xcassets */,
				A6114C631FD41083004C64CC /* LaunchScreen.storyboard */,
				A6114C661FD41083004C64CC /* Info.plist */,
			);
			path = Rouletabille;
			sourceTree = "<group>";
		};
/* End PBXGroup section */

/* Begin PBXNativeTarget section */
		A6114C561FD41083004C64CC /* Rouletabille */ = {
			isa = PBXNativeTarget;
			buildConfigurationList = A6114C691FD41083004C64CC /* Build configuration list for PBXNativeTarget "Rouletabille" */;
			buildPhases = (
				A6114C531FD41083004C64CC /* Sources */,
				A6114C541FD41083004C64CC /* Frameworks */,
				A6114C551FD41083004C64CC /* Resources */,
			);
			buildRules = (
			);
			dependencies = (
			);
			name = Rouletabille;
			productName = Rouletabille;
			productReference = A6114C571FD41083004C64CC /* Rouletabille.app */;
			productType = "com.apple.product-type.application";
		};
/* End PBXNativeTarget section */

/* Begin PBXProject section */
		A6114C4F1FD41083004C64CC /* Project object */ = {
			isa = PBXProject;
			attributes = {
				LastSwiftUpdateCheck = 0830;
				LastUpgradeCheck = 0830;
				ORGANIZATIONNAME = "Nicolas Salleron";
				TargetAttributes = {
					A6114C561FD41083004C64CC = {
						CreatedOnToolsVersion = 8.3.3;
						DevelopmentTeam = WCSYUG993U;
						ProvisioningStyle = Automatic;
					};
				};
			};
			buildConfigurationList = A6114C521FD41083004C64CC /* Build configuration list for PBXProject "Rouletabille" */;
			compatibilityVersion = "Xcode 3.2";
			developmentRegion = English;
			hasScannedForEncodings = 0;
			knownRegions = (
				en,
				Base,
			);
			mainGroup = A6114C4E1FD41083004C64CC;
			productRefGroup = A6114C581FD41083004C64CC /* Products */;
			projectDirPath = "";
			projectRoot = "";
			targets = (
				A6114C561FD41083004C64CC /* Rouletabille */,
			);
		};
/* End PBXProject section */

/* Begin PBXResourcesBuildPhase section */
		A6114C551FD41083004C64CC /* Resources */ = {
			isa = PBXResourcesBuildPhase;
			buildActionMask = 2147483647;
			files = (
				A6114C651FD41083004C64CC /* LaunchScreen.storyboard in Resources */,
				A6114C621FD41083004C64CC /* Assets.xcassets in Resources */,
				A6114C601FD41083004C64CC /* Main.storyboard in Resources */,
				A6114C6F1FD4111B004C64CC /* son-etoile.mp3 in Resources */,
				A6114C731FD41122004C64CC /* midnight-ride-01a.mp3 in Resources */,
				A6114C711FD4111B004C64CC /* squeeze-toy-1.mp3 in Resources */,
				A6114C701FD4111B004C64CC /* son.mp3 in Resources */,
			);
			runOnlyForDeploymentPostprocessing = 0;
		};
/* End PBXResourcesBuildPhase section */

/* Begin PBXSourcesBuildPhase section */
		A6114C531FD41083004C64CC /* Sources */ = {
			isa = PBXSourcesBuildPhase;
			buildActionMask = 2147483647;
			files = (
				A6114C5D1FD41083004C64CC /* ViewController.swift in Sources */,
				A6114C5B1FD41083004C64CC /* AppDelegate.swift in Sources */,
			);
			runOnlyForDeploymentPostprocessing = 0;
		};
/* End PBXSourcesBuildPhase section */

/* Begin PBXVariantGroup section */
		A6114C5E1FD41083004C64CC /* Main.storyboard */ = {
			isa = PBXVariantGroup;
			children = (
				A6114C5F1FD41083004C64CC /* Base */,
			);
			name = Main.storyboard;
			sourceTree = "<group>";
		};
		A6114C631FD41083004C64CC /* LaunchScreen.storyboard */ = {
			isa = PBXVariantGroup;
			children = (
				A6114C641FD41083004C64CC /* Base */,
			);
			name = LaunchScreen.storyboard;
			sourceTree = "<group>";
		};
/* End PBXVariantGroup section */

/* Begin XCBuildConfiguration section */
		A6114C671FD41083004C64CC /* Debug */ = {
			isa = XCBuildConfiguration;
			buildSettings = {
				ALWAYS_SEARCH_USER_PATHS = NO;
				CLANG_ANALYZER_NONNULL = YES;
				CLANG_ANALYZER_NUMBER_OBJECT_CONVERSION = YES_AGGRESSIVE;
				CLANG_CXX_LANGUAGE_STANDARD = "gnu++0x";
				CLANG_CXX_LIBRARY = "libc++";
				CLANG_ENABLE_MODULES = YES;
				CLANG_ENABLE_OBJC_ARC = YES;
				CLANG_WARN_BOOL_CONVERSION = YES;
				CLANG_WARN_CONSTANT_CONVERSION = YES;
				CLANG_WARN_DIRECT_OBJC_ISA_USAGE = YES_ERROR;
				CLANG_WARN_DOCUMENTATION_COMMENTS = YES;
				CLANG_WARN_EMPTY_BODY = YES;
				CLANG_WARN_ENUM_CONVERSION = YES;
				CLANG_WARN_INFINITE_RECURSION = YES;
				CLANG_WARN_INT_CONVERSION = YES;
				CLANG_WARN_OBJC_ROOT_CLASS = YES_ERROR;
				CLANG_WARN_SUSPICIOUS_MOVE = YES;
				CLANG_WARN_UNREACHABLE_CODE = YES;
				CLANG_WARN__DUPLICATE_METHOD_MATCH = YES;
				"CODE_SIGN_IDENTITY[sdk=iphoneos*]" = "iPhone Developer";
				COPY_PHASE_STRIP = NO;
				DEBUG_INFORMATION_FORMAT = dwarf;
				ENABLE_STRICT_OBJC_MSGSEND = YES;
				ENABLE_TESTABILITY = YES;
				GCC_C_LANGUAGE_STANDARD = gnu99;
				GCC_DYNAMIC_NO_PIC = NO;
				GCC_NO_COMMON_BLOCKS = YES;
				GCC_OPTIMIZATION_LEVEL = 0;
				GCC_PREPROCESSOR_DEFINITIONS = (
					"DEBUG=1",
					"$(inherited)",
				);
				GCC_WARN_64_TO_32_BIT_CONVERSION = YES;
				GCC_WARN_ABOUT_RETURN_TYPE = YES_ERROR;
				GCC_WARN_UNDECLARED_SELECTOR = YES;
				GCC_WARN_UNINITIALIZED_AUTOS = YES_AGGRESSIVE;
				GCC_WARN_UNUSED_FUNCTION = YES;
				GCC_WARN_UNUSED_VARIABLE = YES;
				IPHONEOS_DEPLOYMENT_TARGET = 10.3;
				MTL_ENABLE_DEBUG_INFO = YES;
				ONLY_ACTIVE_ARCH = YES;
				SDKROOT = iphoneos;
				SWIFT_ACTIVE_COMPILATION_CONDITIONS = DEBUG;
				SWIFT_OPTIMIZATION_LEVEL = "-Onone";
				TARGETED_DEVICE_FAMILY = "1,2";
			};
			name = Debug;
		};
		A6114C681FD41083004C64CC /* Release */ = {
			isa = XCBuildConfiguration;
			buildSettings = {
				ALWAYS_SEARCH_USER_PATHS = NO;
				CLANG_ANALYZER_NONNULL = YES;
				CLANG_ANALYZER_NUMBER_OBJECT_CONVERSION = YES_AGGRESSIVE;
				CLANG_CXX_LANGUAGE_STANDARD = "gnu++0x";
				CLANG_CXX_LIBRARY = "libc++";
				CLANG_ENABLE_MODULES = YES;
				CLANG_ENABLE_OBJC_ARC = YES;
				CLANG_WARN_BOOL_CONVERSION = YES;
				CLANG_WARN_CONSTANT_CONVERSION = YES;
				CLANG_WARN_DIRECT_OBJC_ISA_USAGE = YES_ERROR;
				CLANG_WARN_DOCUMENTATION_COMMENTS = YES;
				CLANG_WARN_EMPTY_BODY = YES;
				CLANG_WARN_ENUM_CONVERSION = YES;
				CLANG_WARN_INFINITE_RECURSION = YES;
				CLANG_WARN_INT_CONVERSION = YES;
				CLANG_WARN_OBJC_ROOT_CLASS = YES_ERROR;
				CLANG_WARN_SUSPICIOUS_MOVE = YES;
				CLANG_WARN_UNREACHABLE_CODE = YES;
				CLANG_WARN__DUPLICATE_METHOD_MATCH = YES;
				"CODE_SIGN_IDENTITY[sdk=iphoneos*]" = "iPhone Developer";
				COPY_PHASE_STRIP = NO;
				DEBUG_INFORMATION_FORMAT = "dwarf-with-dsym";
				ENABLE_NS_ASSERTIONS = NO;
				ENABLE_STRICT_OBJC_MSGSEND = YES;
				GCC_C_LANGUAGE_STANDARD = gnu99;
				GCC_NO_COMMON_BLOCKS = YES;
				GCC_WARN_64_TO_32_BIT_CONVERSION = YES;
				GCC_WARN_ABOUT_RETURN_TYPE = YES_ERROR;
				GCC_WARN_UNDECLARED_SELECTOR = YES;
				GCC_WARN_UNINITIALIZED_AUTOS = YES_AGGRESSIVE;
				GCC_WARN_UNUSED_FUNCTION = YES;
				GCC_WARN_UNUSED_VARIABLE = YES;
				IPHONEOS_DEPLOYMENT_TARGET = 10.3;
				MTL_ENABLE_DEBUG_INFO = NO;
				SDKROOT = iphoneos;
				SWIFT_OPTIMIZATION_LEVEL = "-Owholemodule";
				TARGETED_DEVICE_FAMILY = "1,2";
				VALIDATE_PRODUCT = YES;
			};
			name = Release;
		};
		A6114C6A1FD41083004C64CC /* Debug */ = {
			isa = XCBuildConfiguration;
			buildSettings = {
				ASSETCATALOG_COMPILER_APPICON_NAME = AppIcon;
				DEVELOPMENT_TEAM = WCSYUG993U;
				INFOPLIST_FILE = Rouletabille/Info.plist;
				IPHONEOS_DEPLOYMENT_TARGET = 10.1;
				LD_RUNPATH_SEARCH_PATHS = "$(inherited) @executable_path/Frameworks";
				PRODUCT_BUNDLE_IDENTIFIER = fr.nicolas.salleron.Rouletabille;
				PRODUCT_NAME = "$(TARGET_NAME)";
				SWIFT_VERSION = 3.0;
			};
			name = Debug;
		};
		A6114C6B1FD41083004C64CC /* Release */ = {
			isa = XCBuildConfiguration;
			buildSettings = {
				ASSETCATALOG_COMPILER_APPICON_NAME = AppIcon;
				DEVELOPMENT_TEAM = WCSYUG993U;
				INFOPLIST_FILE = Rouletabille/Info.plist;
				IPHONEOS_DEPLOYMENT_TARGET = 10.1;
				LD_RUNPATH_SEARCH_PATHS = "$(inherited) @executable_path/Frameworks";
				PRODUCT_BUNDLE_IDENTIFIER = fr.nicolas.salleron.Rouletabille;
				PRODUCT_NAME = "$(TARGET_NAME)";
				SWIFT_VERSION = 3.0;
			};
			name = Release;
		};
/* End XCBuildConfiguration section */

/* Begin XCConfigurationList section */
		A6114C521FD41083004C64CC /* Build configuration list for PBXProject "Rouletabille" */ = {
			isa = XCConfigurationList;
			buildConfigurations = (
				A6114C671FD41083004C64CC /* Debug */,
				A6114C681FD41083004C64CC /* Release */,
			);
			defaultConfigurationIsVisible = 0;
			defaultConfigurationName = Release;
		};
		A6114C691FD41083004C64CC /* Build configuration list for PBXNativeTarget "Rouletabille" */ = {
			isa = XCConfigurationList;
			buildConfigurations = (
				A6114C6A1FD41083004C64CC /* Debug */,
				A6114C6B1FD41083004C64CC /* Release */,
			);
			defaultConfigurationIsVisible = 0;
		};
/* End XCConfigurationList section */
	};
	rootObject = A6114C4F1FD41083004C64CC /* Project object */;
}
